
Microsoft Visual Studio Solution File, Format Version 12.00
# Visual Studio Version 17
VisualStudioVersion = 17.7.34202.233
MinimumVisualStudioVersion = 10.0.40219.1
Project("{9A19103F-16F7-4668-BE54-9A1E7A4F7556}") = "BookwormsMembership", "BookwormsMembership.csproj", "{B554D3C5-51B0-4278-946A-2706AC129A95}"
EndProject
Global
	GlobalSection(SolutionConfigurationPlatforms) = preSolution
		Debug|Any CPU = Debug|Any CPU
		Release|Any CPU = Release|Any CPU
	EndGlobalSection
	GlobalSection(ProjectConfigurationPlatforms) = postSolution
		{B554D3C5-51B0-4278-946A-2706AC129A95}.Debug|Any CPU.ActiveCfg = Debug|Any CPU
		{B554D3C5-51B0-4278-946A-2706AC129A95}.Debug|Any CPU.Build.0 = Debug|Any CPU
		{B554D3C5-51B0-4278-946A-2706AC129A95}.Release|Any CPU.ActiveCfg = Release|Any CPU
		{B554D3C5-51B0-4278-946A-2706AC129A95}.Release|Any CPU.Build.0 = Release|Any CPU
	EndGlobalSection
	GlobalSection(SolutionProperties) = preSolution
		HideSolutionNode = FALSE
	EndGlobalSection
	GlobalSection(ExtensibilityGlobals) = postSolution
		SolutionGuid = {D401631B-253F-4404-82FF-EE3F84861D70}
	EndGlobalSection
EndGlobal
